
Microsoft Visual Studio Solution File, Format Version 12.00
# Visual Studio Version 17
VisualStudioVersion = 17.5.002.0
MinimumVisualStudioVersion = 10.0.40219.1
Project("{9A19103F-16F7-4668-BE54-9A1E7A4F7556}") = "CSharp_Exe5_BuscaEmUmVetor", "CSharp_Exe5_BuscaEmUmVetor.csproj", "{978BAE7E-001E-4445-8346-DAFD044F4D60}"
EndProject
Global
	GlobalSection(SolutionConfigurationPlatforms) = preSolution
		Debug|Any CPU = Debug|Any CPU
		Release|Any CPU = Release|Any CPU
	EndGlobalSection
	GlobalSection(ProjectConfigurationPlatforms) = postSolution
		{978BAE7E-001E-4445-8346-DAFD044F4D60}.Debug|Any CPU.ActiveCfg = Debug|Any CPU
		{978BAE7E-001E-4445-8346-DAFD044F4D60}.Debug|Any CPU.Build.0 = Debug|Any CPU
		{978BAE7E-001E-4445-8346-DAFD044F4D60}.Release|Any CPU.ActiveCfg = Release|Any CPU
		{978BAE7E-001E-4445-8346-DAFD044F4D60}.Release|Any CPU.Build.0 = Release|Any CPU
	EndGlobalSection
	GlobalSection(SolutionProperties) = preSolution
		HideSolutionNode = FALSE
	EndGlobalSection
	GlobalSection(ExtensibilityGlobals) = postSolution
		SolutionGuid = {32AA503B-62A3-4110-81E7-8915ED17B285}
	EndGlobalSection
EndGlobal
